
Microsoft Visual Studio Solution File, Format Version 12.00
# Visual Studio Version 16
VisualStudioVersion = 16.0.34301.259
MinimumVisualStudioVersion = 10.0.40219.1
Project("{FAE04EC0-301F-11D3-BF4B-00C04F79EFBC}") = "Freelancing", "Freelancing\Freelancing.csproj", "{CFBBEE15-B1E3-41A6-B6B1-BAFE60D20AFB}"
EndProject
Global
	GlobalSection(SolutionConfigurationPlatforms) = preSolution
		Debug|Any CPU = Debug|Any CPU
		Release|Any CPU = Release|Any CPU
	EndGlobalSection
	GlobalSection(ProjectConfigurationPlatforms) = postSolution
		{CFBBEE15-B1E3-41A6-B6B1-BAFE60D20AFB}.Debug|Any CPU.ActiveCfg = Debug|Any CPU
		{CFBBEE15-B1E3-41A6-B6B1-BAFE60D20AFB}.Debug|Any CPU.Build.0 = Debug|Any CPU
		{CFBBEE15-B1E3-41A6-B6B1-BAFE60D20AFB}.Release|Any CPU.ActiveCfg = Release|Any CPU
		{CFBBEE15-B1E3-41A6-B6B1-BAFE60D20AFB}.Release|Any CPU.Build.0 = Release|Any CPU
	EndGlobalSection
	GlobalSection(SolutionProperties) = preSolution
		HideSolutionNode = FALSE
	EndGlobalSection
	GlobalSection(ExtensibilityGlobals) = postSolution
		SolutionGuid = {C1DF6CD5-C16B-4583-9D82-778FA8B07240}
	EndGlobalSection
EndGlobal
